
Microsoft Visual Studio Solution File, Format Version 12.00
# Visual Studio 15
VisualStudioVersion = 15.0.26730.3
MinimumVisualStudioVersion = 10.0.40219.1
Project("{FAE04EC0-301F-11D3-BF4B-00C04F79EFBC}") = "RussianSymbolsAnalyzer", "RussianSymbolsAnalyzer\RussianSymbolsAnalyzer\RussianSymbolsAnalyzer.csproj", "{63F67F1A-C019-4238-B883-4D0142E3ED62}"
EndProject
Project("{FAE04EC0-301F-11D3-BF4B-00C04F79EFBC}") = "RussianSymbolsAnalyzer.Test", "RussianSymbolsAnalyzer\RussianSymbolsAnalyzer.Test\RussianSymbolsAnalyzer.Test.csproj", "{27F48E8F-4779-40A4-B96A-468E313AC2F8}"
EndProject
Project("{FAE04EC0-301F-11D3-BF4B-00C04F79EFBC}") = "RussianSymbolsAnalyzer.Vsix", "RussianSymbolsAnalyzer\RussianSymbolsAnalyzer.Vsix\RussianSymbolsAnalyzer.Vsix.csproj", "{2F57A545-4D8D-427A-BB67-71EFF285D902}"
EndProject
Global
	GlobalSection(SolutionConfigurationPlatforms) = preSolution
		Debug|Any CPU = Debug|Any CPU
		Release|Any CPU = Release|Any CPU
	EndGlobalSection
	GlobalSection(ProjectConfigurationPlatforms) = postSolution
		{63F67F1A-C019-4238-B883-4D0142E3ED62}.Debug|Any CPU.ActiveCfg = Debug|Any CPU
		{63F67F1A-C019-4238-B883-4D0142E3ED62}.Debug|Any CPU.Build.0 = Debug|Any CPU
		{63F67F1A-C019-4238-B883-4D0142E3ED62}.Release|Any CPU.ActiveCfg = Release|Any CPU
		{63F67F1A-C019-4238-B883-4D0142E3ED62}.Release|Any CPU.Build.0 = Release|Any CPU
		{27F48E8F-4779-40A4-B96A-468E313AC2F8}.Debug|Any CPU.ActiveCfg = Debug|Any CPU
		{27F48E8F-4779-40A4-B96A-468E313AC2F8}.Debug|Any CPU.Build.0 = Debug|Any CPU
		{27F48E8F-4779-40A4-B96A-468E313AC2F8}.Release|Any CPU.ActiveCfg = Release|Any CPU
		{27F48E8F-4779-40A4-B96A-468E313AC2F8}.Release|Any CPU.Build.0 = Release|Any CPU
		{2F57A545-4D8D-427A-BB67-71EFF285D902}.Debug|Any CPU.ActiveCfg = Debug|Any CPU
		{2F57A545-4D8D-427A-BB67-71EFF285D902}.Debug|Any CPU.Build.0 = Debug|Any CPU
		{2F57A545-4D8D-427A-BB67-71EFF285D902}.Release|Any CPU.ActiveCfg = Release|Any CPU
		{2F57A545-4D8D-427A-BB67-71EFF285D902}.Release|Any CPU.Build.0 = Release|Any CPU
	EndGlobalSection
	GlobalSection(SolutionProperties) = preSolution
		HideSolutionNode = FALSE
	EndGlobalSection
	GlobalSection(ExtensibilityGlobals) = postSolution
		SolutionGuid = {8DFAD84F-9574-4190-9BB8-E16078556A76}
	EndGlobalSection
EndGlobal
